// !$*UTF8*$!
{
	archiveVersion = 1;
	classes = {
	};
	objectVersion = 46;
	objects = {

/* Begin PBXBuildFile section */
		B849C31C1AD5E48500824202 /* main.m in Sources */ = {isa = PBXBuildFile; fileRef = B849C31B1AD5E48500824202 /* main.m */; };
		B849C31F1AD5E48500824202 /* AppDelegate.m in Sources */ = {isa = PBXBuildFile; fileRef = B849C31E1AD5E48500824202 /* AppDelegate.m */; };
		B849C3221AD5E48500824202 /* ViewController.m in Sources */ = {isa = PBXBuildFile; fileRef = B849C3211AD5E48500824202 /* ViewController.m */; };
		B849C3251AD5E48500824202 /* Main.storyboard in Resources */ = {isa = PBXBuildFile; fileRef = B849C3231AD5E48500824202 /* Main.storyboard */; };
		B849C3271AD5E48500824202 /* Images.xcassets in Resources */ = {isa = PBXBuildFile; fileRef = B849C3261AD5E48500824202 /* Images.xcassets */; };
		B849C32A1AD5E48500824202 /* LaunchScreen.xib in Resources */ = {isa = PBXBuildFile; fileRef = B849C3281AD5E48500824202 /* LaunchScreen.xib */; };
		B849C3361AD5E48500824202 /* TodayIPAddressTests.m in Sources */ = {isa = PBXBuildFile; fileRef = B849C3351AD5E48500824202 /* TodayIPAddressTests.m */; };
		B849C35D1AD5E84000824202 /* NotificationCenter.framework in Frameworks */ = {isa = PBXBuildFile; fileRef = B849C35C1AD5E84000824202 /* NotificationCenter.framework */; };
		B849C3631AD5E84000824202 /* TodayViewController.m in Sources */ = {isa = PBXBuildFile; fileRef = B849C3621AD5E84000824202 /* TodayViewController.m */; };
		B849C3651AD5E84000824202 /* MainInterface.storyboard in Resources */ = {isa = PBXBuildFile; fileRef = B849C3641AD5E84000824202 /* MainInterface.storyboard */; };
		B849C3681AD5E84000824202 /* NC IP.appex in Embed Foundation Extensions */ = {isa = PBXBuildFile; fileRef = B849C35A1AD5E84000824202 /* NC IP.appex */; settings = {ATTRIBUTES = (RemoveHeadersOnCopy, ); }; };
/* End PBXBuildFile section */

/* Begin PBXContainerItemProxy section */
		B849C3301AD5E48500824202 /* PBXContainerItemProxy */ = {
			isa = PBXContainerItemProxy;
			containerPortal = B849C30E1AD5E48500824202 /* Project object */;
			proxyType = 1;
			remoteGlobalIDString = B849C3151AD5E48500824202;
			remoteInfo = TodayIPAddress;
		};
		B849C3661AD5E84000824202 /* PBXContainerItemProxy */ = {
			isa = PBXContainerItemProxy;
			containerPortal = B849C30E1AD5E48500824202 /* Project object */;
			proxyType = 1;
			remoteGlobalIDString = B849C3591AD5E84000824202;
			remoteInfo = "NC IP";
		};
/* End PBXContainerItemProxy section */

/* Begin PBXCopyFilesBuildPhase section */
		B849C36C1AD5E84000824202 /* Embed Foundation Extensions */ = {
			isa = PBXCopyFilesBuildPhase;
			buildActionMask = 2147483647;
			dstPath = "";
			dstSubfolderSpec = 13;
			files = (
				B849C3681AD5E84000824202 /* NC IP.appex in Embed Foundation Extensions */,
			);
			name = "Embed Foundation Extensions";
			runOnlyForDeploymentPostprocessing = 0;
		};
/* End PBXCopyFilesBuildPhase section */

/* Begin PBXFileReference section */
		B849C3161AD5E48500824202 /* TodayIPAddress.app */ = {isa = PBXFileReference; explicitFileType = wrapper.application; includeInIndex = 0; path = TodayIPAddress.app; sourceTree = BUILT_PRODUCTS_DIR; };
		B849C31A1AD5E48500824202 /* Info.plist */ = {isa = PBXFileReference; lastKnownFileType = text.plist.xml; path = Info.plist; sourceTree = "<group>"; };
		B849C31B1AD5E48500824202 /* main.m */ = {isa = PBXFileReference; lastKnownFileType = sourcecode.c.objc; path = main.m; sourceTree = "<group>"; };
		B849C31D1AD5E48500824202 /* AppDelegate.h */ = {isa = PBXFileReference; lastKnownFileType = sourcecode.c.h; path = AppDelegate.h; sourceTree = "<group>"; };
		B849C31E1AD5E48500824202 /* AppDelegate.m */ = {isa = PBXFileReference; lastKnownFileType = sourcecode.c.objc; path = AppDelegate.m; sourceTree = "<group>"; };
		B849C3201AD5E48500824202 /* ViewController.h */ = {isa = PBXFileReference; lastKnownFileType = sourcecode.c.h; path = ViewController.h; sourceTree = "<group>"; };
		B849C3211AD5E48500824202 /* ViewController.m */ = {isa = PBXFileReference; lastKnownFileType = sourcecode.c.objc; path = ViewController.m; sourceTree = "<group>"; };
		B849C3241AD5E48500824202 /* Base */ = {isa = PBXFileReference; lastKnownFileType = file.storyboard; name = Base; path = Base.lproj/Main.storyboard; sourceTree = "<group>"; };
		B849C3261AD5E48500824202 /* Images.xcassets */ = {isa = PBXFileReference; lastKnownFileType = folder.assetcatalog; path = Images.xcassets; sourceTree = "<group>"; };
		B849C3291AD5E48500824202 /* Base */ = {isa = PBXFileReference; lastKnownFileType = file.xib; name = Base; path = Base.lproj/LaunchScreen.xib; sourceTree = "<group>"; };
		B849C32F1AD5E48500824202 /* TodayIPAddressTests.xctest */ = {isa = PBXFileReference; explicitFileType = wrapper.cfbundle; includeInIndex = 0; path = TodayIPAddressTests.xctest; sourceTree = BUILT_PRODUCTS_DIR; };
		B849C3341AD5E48500824202 /* Info.plist */ = {isa = PBXFileReference; lastKnownFileType = text.plist.xml; path = Info.plist; sourceTree = "<group>"; };
		B849C3351AD5E48500824202 /* TodayIPAddressTests.m */ = {isa = PBXFileReference; lastKnownFileType = sourcecode.c.objc; path = TodayIPAddressTests.m; sourceTree = "<group>"; };
		B849C35A1AD5E84000824202 /* NC IP.appex */ = {isa = PBXFileReference; explicitFileType = "wrapper.app-extension"; includeInIndex = 0; path = "NC IP.appex"; sourceTree = BUILT_PRODUCTS_DIR; };
		B849C35C1AD5E84000824202 /* NotificationCenter.framework */ = {isa = PBXFileReference; lastKnownFileType = wrapper.framework; name = NotificationCenter.framework; path = System/Library/Frameworks/NotificationCenter.framework; sourceTree = SDKROOT; };
		B849C3601AD5E84000824202 /* Info.plist */ = {isa = PBXFileReference; lastKnownFileType = text.plist.xml; path = Info.plist; sourceTree = "<group>"; };
		B849C3611AD5E84000824202 /* TodayViewController.h */ = {isa = PBXFileReference; lastKnownFileType = sourcecode.c.h; path = TodayViewController.h; sourceTree = "<group>"; };
		B849C3621AD5E84000824202 /* TodayViewController.m */ = {isa = PBXFileReference; lastKnownFileType = sourcecode.c.objc; path = TodayViewController.m; sourceTree = "<group>"; };
		B849C3641AD5E84000824202 /* MainInterface.storyboard */ = {isa = PBXFileReference; lastKnownFileType = file.storyboard; path = MainInterface.storyboard; sourceTree = "<group>"; };
/* End PBXFileReference section */

/* Begin PBXFrameworksBuildPhase section */
		B849C3131AD5E48500824202 /* Frameworks */ = {
			isa = PBXFrameworksBuildPhase;
			buildActionMask = 2147483647;
			files = (
			);
			runOnlyForDeploymentPostprocessing = 0;
		};
		B849C32C1AD5E48500824202 /* Frameworks */ = {
			isa = PBXFrameworksBuildPhase;
			buildActionMask = 2147483647;
			files = (
			);
			runOnlyForDeploymentPostprocessing = 0;
		};
		B849C3571AD5E84000824202 /* Frameworks */ = {
			isa = PBXFrameworksBuildPhase;
			buildActionMask = 2147483647;
			files = (
				B849C35D1AD5E84000824202 /* NotificationCenter.framework in Frameworks */,
			);
			runOnlyForDeploymentPostprocessing = 0;
		};
/* End PBXFrameworksBuildPhase section */

/* Begin PBXGroup section */
		B849C30D1AD5E48500824202 = {
			isa = PBXGroup;
			children = (
				B849C3181AD5E48500824202 /* TodayIPAddress */,
				B849C3321AD5E48500824202 /* TodayIPAddressTests */,
				B849C35E1AD5E84000824202 /* NC IP */,
				B849C35B1AD5E84000824202 /* Frameworks */,
				B849C3171AD5E48500824202 /* Products */,
			);
			sourceTree = "<group>";
		};
		B849C3171AD5E48500824202 /* Products */ = {
			isa = PBXGroup;
			children = (
				B849C3161AD5E48500824202 /* TodayIPAddress.app */,
				B849C32F1AD5E48500824202 /* TodayIPAddressTests.xctest */,
				B849C35A1AD5E84000824202 /* NC IP.appex */,
			);
			name = Products;
			sourceTree = "<group>";
		};
		B849C3181AD5E48500824202 /* TodayIPAddress */ = {
			isa = PBXGroup;
			children = (
				B849C31D1AD5E48500824202 /* AppDelegate.h */,
				B849C31E1AD5E48500824202 /* AppDelegate.m */,
				B849C3201AD5E48500824202 /* ViewController.h */,
				B849C3211AD5E48500824202 /* ViewController.m */,
				B849C3231AD5E48500824202 /* Main.storyboard */,
				B849C3261AD5E48500824202 /* Images.xcassets */,
				B849C3281AD5E48500824202 /* LaunchScreen.xib */,
				B849C3191AD5E48500824202 /* Supporting Files */,
			);
			path = TodayIPAddress;
			sourceTree = "<group>";
		};
		B849C3191AD5E48500824202 /* Supporting Files */ = {
			isa = PBXGroup;
			children = (
				B849C31A1AD5E48500824202 /* Info.plist */,
				B849C31B1AD5E48500824202 /* main.m */,
			);
			name = "Supporting Files";
			sourceTree = "<group>";
		};
		B849C3321AD5E48500824202 /* TodayIPAddressTests */ = {
			isa = PBXGroup;
			children = (
				B849C3351AD5E48500824202 /* TodayIPAddressTests.m */,
				B849C3331AD5E48500824202 /* Supporting Files */,
			);
			path = TodayIPAddressTests;
			sourceTree = "<group>";
		};
		B849C3331AD5E48500824202 /* Supporting Files */ = {
			isa = PBXGroup;
			children = (
				B849C3341AD5E48500824202 /* Info.plist */,
			);
			name = "Supporting Files";
			sourceTree = "<group>";
		};
		B849C35B1AD5E84000824202 /* Frameworks */ = {
			isa = PBXGroup;
			children = (
				B849C35C1AD5E84000824202 /* NotificationCenter.framework */,
			);
			name = Frameworks;
			sourceTree = "<group>";
		};
		B849C35E1AD5E84000824202 /* NC IP */ = {
			isa = PBXGroup;
			children = (
				B849C3611AD5E84000824202 /* TodayViewController.h */,
				B849C3621AD5E84000824202 /* TodayViewController.m */,
				B849C3641AD5E84000824202 /* MainInterface.storyboard */,
				B849C35F1AD5E84000824202 /* Supporting Files */,
			);
			path = "NC IP";
			sourceTree = "<group>";
		};
		B849C35F1AD5E84000824202 /* Supporting Files */ = {
			isa = PBXGroup;
			children = (
				B849C3601AD5E84000824202 /* Info.plist */,
			);
			name = "Supporting Files";
			sourceTree = "<group>";
		};
/* End PBXGroup section */

/* Begin PBXNativeTarget section */
		B849C3151AD5E48500824202 /* TodayIPAddress */ = {
			isa = PBXNativeTarget;
			buildConfigurationList = B849C3391AD5E48500824202 /* Build configuration list for PBXNativeTarget "TodayIPAddress" */;
			buildPhases = (
				B849C3121AD5E48500824202 /* Sources */,
				B849C3131AD5E48500824202 /* Frameworks */,
				B849C3141AD5E48500824202 /* Resources */,
				B849C36C1AD5E84000824202 /* Embed Foundation Extensions */,
			);
			buildRules = (
			);
			dependencies = (
				B849C3671AD5E84000824202 /* PBXTargetDependency */,
			);
			name = TodayIPAddress;
			productName = TodayIPAddress;
			productReference = B849C3161AD5E48500824202 /* TodayIPAddress.app */;
			productType = "com.apple.product-type.application";
		};
		B849C32E1AD5E48500824202 /* TodayIPAddressTests */ = {
			isa = PBXNativeTarget;
			buildConfigurationList = B849C33C1AD5E48500824202 /* Build configuration list for PBXNativeTarget "TodayIPAddressTests" */;
			buildPhases = (
				B849C32B1AD5E48500824202 /* Sources */,
				B849C32C1AD5E48500824202 /* Frameworks */,
				B849C32D1AD5E48500824202 /* Resources */,
			);
			buildRules = (
			);
			dependencies = (
				B849C3311AD5E48500824202 /* PBXTargetDependency */,
			);
			name = TodayIPAddressTests;
			productName = TodayIPAddressTests;
			productReference = B849C32F1AD5E48500824202 /* TodayIPAddressTests.xctest */;
			productType = "com.apple.product-type.bundle.unit-test";
		};
		B849C3591AD5E84000824202 /* NC IP */ = {
			isa = PBXNativeTarget;
			buildConfigurationList = B849C36B1AD5E84000824202 /* Build configuration list for PBXNativeTarget "NC IP" */;
			buildPhases = (
				B849C3561AD5E84000824202 /* Sources */,
				B849C3571AD5E84000824202 /* Frameworks */,
				B849C3581AD5E84000824202 /* Resources */,
			);
			buildRules = (
			);
			dependencies = (
			);
			name = "NC IP";
			productName = "NC IP";
			productReference = B849C35A1AD5E84000824202 /* NC IP.appex */;
			productType = "com.apple.product-type.app-extension";
		};
/* End PBXNativeTarget section */

/* Begin PBXProject section */
		B849C30E1AD5E48500824202 /* Project object */ = {
			isa = PBXProject;
			attributes = {
				LastUpgradeCheck = 1400;
				ORGANIZATIONNAME = "Lustin' Joew";
				TargetAttributes = {
					B849C3151AD5E48500824202 = {
						CreatedOnToolsVersion = 6.3;
						DevelopmentTeam = VM5XXWMN9Y;
					};
					B849C32E1AD5E48500824202 = {
						CreatedOnToolsVersion = 6.3;
						TestTargetID = B849C3151AD5E48500824202;
					};
					B849C3591AD5E84000824202 = {
						CreatedOnToolsVersion = 6.3;
						DevelopmentTeam = VM5XXWMN9Y;
					};
				};
			};
			buildConfigurationList = B849C3111AD5E48500824202 /* Build configuration list for PBXProject "TodayIPAddress" */;
			compatibilityVersion = "Xcode 3.2";
			developmentRegion = en;
			hasScannedForEncodings = 0;
			knownRegions = (
				en,
				Base,
			);
			mainGroup = B849C30D1AD5E48500824202;
			productRefGroup = B849C3171AD5E48500824202 /* Products */;
			projectDirPath = "";
			projectRoot = "";
			targets = (
				B849C3151AD5E48500824202 /* TodayIPAddress */,
				B849C32E1AD5E48500824202 /* TodayIPAddressTests */,
				B849C3591AD5E84000824202 /* NC IP */,
			);
		};
/* End PBXProject section */

/* Begin PBXResourcesBuildPhase section */
		B849C3141AD5E48500824202 /* Resources */ = {
			isa = PBXResourcesBuildPhase;
			buildActionMask = 2147483647;
			files = (
				B849C3251AD5E48500824202 /* Main.storyboard in Resources */,
				B849C32A1AD5E48500824202 /* LaunchScreen.xib in Resources */,
				B849C3271AD5E48500824202 /* Images.xcassets in Resources */,
			);
			runOnlyForDeploymentPostprocessing = 0;
		};
		B849C32D1AD5E48500824202 /* Resources */ = {
			isa = PBXResourcesBuildPhase;
			buildActionMask = 2147483647;
			files = (
			);
			runOnlyForDeploymentPostprocessing = 0;
		};
		B849C3581AD5E84000824202 /* Resources */ = {
			isa = PBXResourcesBuildPhase;
			buildActionMask = 2147483647;
			files = (
				B849C3651AD5E84000824202 /* MainInterface.storyboard in Resources */,
			);
			runOnlyForDeploymentPostprocessing = 0;
		};
/* End PBXResourcesBuildPhase section */

/* Begin PBXSourcesBuildPhase section */
		B849C3121AD5E48500824202 /* Sources */ = {
			isa = PBXSourcesBuildPhase;
			buildActionMask = 2147483647;
			files = (
				B849C3221AD5E48500824202 /* ViewController.m in Sources */,
				B849C31F1AD5E48500824202 /* AppDelegate.m in Sources */,
				B849C31C1AD5E48500824202 /* main.m in Sources */,
			);
			runOnlyForDeploymentPostprocessing = 0;
		};
		B849C32B1AD5E48500824202 /* Sources */ = {
			isa = PBXSourcesBuildPhase;
			buildActionMask = 2147483647;
			files = (
				B849C3361AD5E48500824202 /* TodayIPAddressTests.m in Sources */,
			);
			runOnlyForDeploymentPostprocessing = 0;
		};
		B849C3561AD5E84000824202 /* Sources */ = {
			isa = PBXSourcesBuildPhase;
			buildActionMask = 2147483647;
			files = (
				B849C3631AD5E84000824202 /* TodayViewController.m in Sources */,
			);
			runOnlyForDeploymentPostprocessing = 0;
		};
/* End PBXSourcesBuildPhase section */

/* Begin PBXTargetDependency section */
		B849C3311AD5E48500824202 /* PBXTargetDependency */ = {
			isa = PBXTargetDependency;
			target = B849C3151AD5E48500824202 /* TodayIPAddress */;
			targetProxy = B849C3301AD5E48500824202 /* PBXContainerItemProxy */;
		};
		B849C3671AD5E84000824202 /* PBXTargetDependency */ = {
			isa = PBXTargetDependency;
			target = B849C3591AD5E84000824202 /* NC IP */;
			targetProxy = B849C3661AD5E84000824202 /* PBXContainerItemProxy */;
		};
/* End PBXTargetDependency section */

/* Begin PBXVariantGroup section */
		B849C3231AD5E48500824202 /* Main.storyboard */ = {
			isa = PBXVariantGroup;
			children = (
				B849C3241AD5E48500824202 /* Base */,
			);
			name = Main.storyboard;
			sourceTree = "<group>";
		};
		B849C3281AD5E48500824202 /* LaunchScreen.xib */ = {
			isa = PBXVariantGroup;
			children = (
				B849C3291AD5E48500824202 /* Base */,
			);
			name = LaunchScreen.xib;
			sourceTree = "<group>";
		};
/* End PBXVariantGroup section */

/* Begin XCBuildConfiguration section */
		B849C3371AD5E48500824202 /* Debug */ = {
			isa = XCBuildConfiguration;
			buildSettings = {
				ALWAYS_SEARCH_USER_PATHS = NO;
				CLANG_CXX_LANGUAGE_STANDARD = "gnu++0x";
				CLANG_CXX_LIBRARY = "libc++";
				CLANG_ENABLE_MODULES = YES;
				CLANG_ENABLE_OBJC_ARC = YES;
				CLANG_WARN_BLOCK_CAPTURE_AUTORELEASING = YES;
				CLANG_WARN_BOOL_CONVERSION = YES;
				CLANG_WARN_COMMA = YES;
				CLANG_WARN_CONSTANT_CONVERSION = YES;
				CLANG_WARN_DEPRECATED_OBJC_IMPLEMENTATIONS = YES;
				CLANG_WARN_DIRECT_OBJC_ISA_USAGE = YES_ERROR;
				CLANG_WARN_EMPTY_BODY = YES;
				CLANG_WARN_ENUM_CONVERSION = YES;
				CLANG_WARN_INFINITE_RECURSION = YES;
				CLANG_WARN_INT_CONVERSION = YES;
				CLANG_WARN_NON_LITERAL_NULL_CONVERSION = YES;
				CLANG_WARN_OBJC_IMPLICIT_RETAIN_SELF = YES;
				CLANG_WARN_OBJC_LITERAL_CONVERSION = YES;
				CLANG_WARN_OBJC_ROOT_CLASS = YES_ERROR;
				CLANG_WARN_QUOTED_INCLUDE_IN_FRAMEWORK_HEADER = YES;
				CLANG_WARN_RANGE_LOOP_ANALYSIS = YES;
				CLANG_WARN_STRICT_PROTOTYPES = YES;
				CLANG_WARN_SUSPICIOUS_MOVE = YES;
				CLANG_WARN_UNREACHABLE_CODE = YES;
				CLANG_WARN__DUPLICATE_METHOD_MATCH = YES;
				"CODE_SIGN_IDENTITY[sdk=iphoneos*]" = "iPhone Developer";
				COPY_PHASE_STRIP = NO;
				DEBUG_INFORMATION_FORMAT = "dwarf-with-dsym";
				ENABLE_STRICT_OBJC_MSGSEND = YES;
				ENABLE_TESTABILITY = YES;
				GCC_C_LANGUAGE_STANDARD = gnu99;
				GCC_DYNAMIC_NO_PIC = NO;
				GCC_NO_COMMON_BLOCKS = YES;
				GCC_OPTIMIZATION_LEVEL = 0;
				GCC_PREPROCESSOR_DEFINITIONS = (
					"DEBUG=1",
					"$(inherited)",
				);
				GCC_SYMBOLS_PRIVATE_EXTERN = NO;
				GCC_WARN_64_TO_32_BIT_CONVERSION = YES;
				GCC_WARN_ABOUT_RETURN_TYPE = YES_ERROR;
				GCC_WARN_UNDECLARED_SELECTOR = YES;
				GCC_WARN_UNINITIALIZED_AUTOS = YES_AGGRESSIVE;
				GCC_WARN_UNUSED_FUNCTION = YES;
				GCC_WARN_UNUSED_VARIABLE = YES;
				IPHONEOS_DEPLOYMENT_TARGET = 12.0;
				MTL_ENABLE_DEBUG_INFO = YES;
				ONLY_ACTIVE_ARCH = YES;
				SDKROOT = iphoneos;
				TARGETED_DEVICE_FAMILY = "1,2";
			};
			name = Debug;
		};
		B849C3381AD5E48500824202 /* Release */ = {
			isa = XCBuildConfiguration;
			buildSettings = {
				ALWAYS_SEARCH_USER_PATHS = NO;
				CLANG_CXX_LANGUAGE_STANDARD = "gnu++0x";
				CLANG_CXX_LIBRARY = "libc++";
				CLANG_ENABLE_MODULES = YES;
				CLANG_ENABLE_OBJC_ARC = YES;
				CLANG_WARN_BLOCK_CAPTURE_AUTORELEASING = YES;
				CLANG_WARN_BOOL_CONVERSION = YES;
				CLANG_WARN_COMMA = YES;
				CLANG_WARN_CONSTANT_CONVERSION = YES;
				CLANG_WARN_DEPRECATED_OBJC_IMPLEMENTATIONS = YES;
				CLANG_WARN_DIRECT_OBJC_ISA_USAGE = YES_ERROR;
				CLANG_WARN_EMPTY_BODY = YES;
				CLANG_WARN_ENUM_CONVERSION = YES;
				CLANG_WARN_INFINITE_RECURSION = YES;
				CLANG_WARN_INT_CONVERSION = YES;
				CLANG_WARN_NON_LITERAL_NULL_CONVERSION = YES;
				CLANG_WARN_OBJC_IMPLICIT_RETAIN_SELF = YES;
				CLANG_WARN_OBJC_LITERAL_CONVERSION = YES;
				CLANG_WARN_OBJC_ROOT_CLASS = YES_ERROR;
				CLANG_WARN_QUOTED_INCLUDE_IN_FRAMEWORK_HEADER = YES;
				CLANG_WARN_RANGE_LOOP_ANALYSIS = YES;
				CLANG_WARN_STRICT_PROTOTYPES = YES;
				CLANG_WARN_SUSPICIOUS_MOVE = YES;
				CLANG_WARN_UNREACHABLE_CODE = YES;
				CLANG_WARN__DUPLICATE_METHOD_MATCH = YES;
				"CODE_SIGN_IDENTITY[sdk=iphoneos*]" = "iPhone Developer";
				COPY_PHASE_STRIP = NO;
				DEBUG_INFORMATION_FORMAT = "dwarf-with-dsym";
				ENABLE_NS_ASSERTIONS = NO;
				ENABLE_STRICT_OBJC_MSGSEND = YES;
				GCC_C_LANGUAGE_STANDARD = gnu99;
				GCC_NO_COMMON_BLOCKS = YES;
				GCC_WARN_64_TO_32_BIT_CONVERSION = YES;
				GCC_WARN_ABOUT_RETURN_TYPE = YES_ERROR;
				GCC_WARN_UNDECLARED_SELECTOR = YES;
				GCC_WARN_UNINITIALIZED_AUTOS = YES_AGGRESSIVE;
				GCC_WARN_UNUSED_FUNCTION = YES;
				GCC_WARN_UNUSED_VARIABLE = YES;
				IPHONEOS_DEPLOYMENT_TARGET = 12.0;
				MTL_ENABLE_DEBUG_INFO = NO;
				SDKROOT = iphoneos;
				TARGETED_DEVICE_FAMILY = "1,2";
				VALIDATE_PRODUCT = YES;
			};
			name = Release;
		};
		B849C33A1AD5E48500824202 /* Debug */ = {
			isa = XCBuildConfiguration;
			buildSettings = {
				ASSETCATALOG_COMPILER_APPICON_NAME = AppIcon;
				CODE_SIGN_IDENTITY = "iPhone Developer";
				INFOPLIST_FILE = TodayIPAddress/Info.plist;
				LD_RUNPATH_SEARCH_PATHS = "$(inherited) @executable_path/Frameworks";
				PRODUCT_BUNDLE_IDENTIFIER = "com.justinloew.$(PRODUCT_NAME:rfc1034identifier)";
				PRODUCT_NAME = "$(TARGET_NAME)";
			};
			name = Debug;
		};
		B849C33B1AD5E48500824202 /* Release */ = {
			isa = XCBuildConfiguration;
			buildSettings = {
				ASSETCATALOG_COMPILER_APPICON_NAME = AppIcon;
				CODE_SIGN_IDENTITY = "iPhone Developer";
				INFOPLIST_FILE = TodayIPAddress/Info.plist;
				LD_RUNPATH_SEARCH_PATHS = "$(inherited) @executable_path/Frameworks";
				PRODUCT_BUNDLE_IDENTIFIER = "com.justinloew.$(PRODUCT_NAME:rfc1034identifier)";
				PRODUCT_NAME = "$(TARGET_NAME)";
			};
			name = Release;
		};
		B849C33D1AD5E48500824202 /* Debug */ = {
			isa = XCBuildConfiguration;
			buildSettings = {
				BUNDLE_LOADER = "$(TEST_HOST)";
				FRAMEWORK_SEARCH_PATHS = (
					"$(SDKROOT)/Developer/Library/Frameworks",
					"$(inherited)",
				);
				GCC_PREPROCESSOR_DEFINITIONS = (
					"DEBUG=1",
					"$(inherited)",
				);
				INFOPLIST_FILE = TodayIPAddressTests/Info.plist;
				LD_RUNPATH_SEARCH_PATHS = "$(inherited) @executable_path/Frameworks @loader_path/Frameworks";
				PRODUCT_BUNDLE_IDENTIFIER = "com.justinloew.$(PRODUCT_NAME:rfc1034identifier)";
				PRODUCT_NAME = "$(TARGET_NAME)";
				TEST_HOST = "$(BUILT_PRODUCTS_DIR)/TodayIPAddress.app/TodayIPAddress";
			};
			name = Debug;
		};
		B849C33E1AD5E48500824202 /* Release */ = {
			isa = XCBuildConfiguration;
			buildSettings = {
				BUNDLE_LOADER = "$(TEST_HOST)";
				FRAMEWORK_SEARCH_PATHS = (
					"$(SDKROOT)/Developer/Library/Frameworks",
					"$(inherited)",
				);
				INFOPLIST_FILE = TodayIPAddressTests/Info.plist;
				LD_RUNPATH_SEARCH_PATHS = "$(inherited) @executable_path/Frameworks @loader_path/Frameworks";
				PRODUCT_BUNDLE_IDENTIFIER = "com.justinloew.$(PRODUCT_NAME:rfc1034identifier)";
				PRODUCT_NAME = "$(TARGET_NAME)";
				TEST_HOST = "$(BUILT_PRODUCTS_DIR)/TodayIPAddress.app/TodayIPAddress";
			};
			name = Release;
		};
		B849C3691AD5E84000824202 /* Debug */ = {
			isa = XCBuildConfiguration;
			buildSettings = {
				CODE_SIGN_IDENTITY = "iPhone Developer";
				GCC_PREPROCESSOR_DEFINITIONS = (
					"DEBUG=1",
					"$(inherited)",
				);
				INFOPLIST_FILE = "NC IP/Info.plist";
				IPHONEOS_DEPLOYMENT_TARGET = 12.0;
				LD_RUNPATH_SEARCH_PATHS = "$(inherited) @executable_path/Frameworks @executable_path/../../Frameworks";
				PRODUCT_BUNDLE_IDENTIFIER = "com.justinloew.TodayIPAddress.$(PRODUCT_NAME:rfc1034identifier)";
				PRODUCT_NAME = "$(TARGET_NAME)";
				SKIP_INSTALL = YES;
			};
			name = Debug;
		};
		B849C36A1AD5E84000824202 /* Release */ = {
			isa = XCBuildConfiguration;
			buildSettings = {
				CODE_SIGN_IDENTITY = "iPhone Developer";
				INFOPLIST_FILE = "NC IP/Info.plist";
				IPHONEOS_DEPLOYMENT_TARGET = 12.0;
				LD_RUNPATH_SEARCH_PATHS = "$(inherited) @executable_path/Frameworks @executable_path/../../Frameworks";
				PRODUCT_BUNDLE_IDENTIFIER = "com.justinloew.TodayIPAddress.$(PRODUCT_NAME:rfc1034identifier)";
				PRODUCT_NAME = "$(TARGET_NAME)";
				SKIP_INSTALL = YES;
			};
			name = Release;
		};
/* End XCBuildConfiguration section */

/* Begin XCConfigurationList section */
		B849C3111AD5E48500824202 /* Build configuration list for PBXProject "TodayIPAddress" */ = {
			isa = XCConfigurationList;
			buildConfigurations = (
				B849C3371AD5E48500824202 /* Debug */,
				B849C3381AD5E48500824202 /* Release */,
			);
			defaultConfigurationIsVisible = 0;
			defaultConfigurationName = Release;
		};
		B849C3391AD5E48500824202 /* Build configuration list for PBXNativeTarget "TodayIPAddress" */ = {
			isa = XCConfigurationList;
			buildConfigurations = (
				B849C33A1AD5E48500824202 /* Debug */,
				B849C33B1AD5E48500824202 /* Release */,
			);
			defaultConfigurationIsVisible = 0;
			defaultConfigurationName = Release;
		};
		B849C33C1AD5E48500824202 /* Build configuration list for PBXNativeTarget "TodayIPAddressTests" */ = {
			isa = XCConfigurationList;
			buildConfigurations = (
				B849C33D1AD5E48500824202 /* Debug */,
				B849C33E1AD5E48500824202 /* Release */,
			);
			defaultConfigurationIsVisible = 0;
			defaultConfigurationName = Release;
		};
		B849C36B1AD5E84000824202 /* Build configuration list for PBXNativeTarget "NC IP" */ = {
			isa = XCConfigurationList;
			buildConfigurations = (
				B849C3691AD5E84000824202 /* Debug */,
				B849C36A1AD5E84000824202 /* Release */,
			);
			defaultConfigurationIsVisible = 0;
			defaultConfigurationName = Release;
		};
/* End XCConfigurationList section */
	};
	rootObject = B849C30E1AD5E48500824202 /* Project object */;
}
